dependencies:
- name: valkey
  repository: https://valkey.io/valkey-helm/
  version: 0.9.4
- name: cloudnative-pg
  repository: https://cloudnative-pg.github.io/charts
  version: 0.28.3
digest: sha256:edca1544211a6b460644b4adffb0e979b1ab8dd509ee2ae56306328ab67e5df4
generated: "2026-06-18T12:59:43.235687734Z"
