dependencies:
- name: mail
  repository: https://bokysan.github.io/docker-postfix/
  version: v5.1.0
- name: valkey
  repository: https://valkey.io/valkey-helm/
  version: 0.9.4
- name: cloudnative-pg
  repository: https://cloudnative-pg.github.io/charts
  version: 0.28.3
digest: sha256:bfa6b7a317f2a3805380f40abc8cd86a8ec2f5d8fd9e1b3fafd0ea0382ffad5e
generated: "2026-09-19T08:35:44.442003236+02:00"
